
Microsoft Visual Studio Solution File, Format Version 12.00
# Visual Studio Version 16
VisualStudioVersion = 16.0.31313.79
MinimumVisualStudioVersion = 10.0.40219.1
Project("{FAE04EC0-301F-11D3-BF4B-00C04F79EFBC}") = "CleanBlog.Web", "CleanBlog.Web\CleanBlog.Web.csproj", "{BD6CA668-8390-41BB-9AC3-59969B759C6F}"
EndProject
Project("{FAE04EC0-301F-11D3-BF4B-00C04F79EFBC}") = "CleanBlog.Core", "CleanBlog.Core\CleanBlog.Core.csproj", "{DE086A24-9F4F-4598-B085-80551E3917B5}"
EndProject
Global
	GlobalSection(SolutionConfigurationPlatforms) = preSolution
		Debug|Any CPU = Debug|Any CPU
		Release|Any CPU = Release|Any CPU
	EndGlobalSection
	GlobalSection(ProjectConfigurationPlatforms) = postSolution
		{BD6CA668-8390-41BB-9AC3-59969B759C6F}.Debug|Any CPU.ActiveCfg = Debug|Any CPU
		{BD6CA668-8390-41BB-9AC3-59969B759C6F}.Debug|Any CPU.Build.0 = Debug|Any CPU
		{BD6CA668-8390-41BB-9AC3-59969B759C6F}.Release|Any CPU.ActiveCfg = Release|Any CPU
		{BD6CA668-8390-41BB-9AC3-59969B759C6F}.Release|Any CPU.Build.0 = Release|Any CPU
		{DE086A24-9F4F-4598-B085-80551E3917B5}.Debug|Any CPU.ActiveCfg = Debug|Any CPU
		{DE086A24-9F4F-4598-B085-80551E3917B5}.Debug|Any CPU.Build.0 = Debug|Any CPU
		{DE086A24-9F4F-4598-B085-80551E3917B5}.Release|Any CPU.ActiveCfg = Release|Any CPU
		{DE086A24-9F4F-4598-B085-80551E3917B5}.Release|Any CPU.Build.0 = Release|Any CPU
	EndGlobalSection
	GlobalSection(SolutionProperties) = preSolution
		HideSolutionNode = FALSE
	EndGlobalSection
	GlobalSection(ExtensibilityGlobals) = postSolution
		SolutionGuid = {DFE8F5AF-1E91-427B-AE97-7CA83D9B88D1}
	EndGlobalSection
EndGlobal
